
Microsoft Visual Studio Solution File, Format Version 12.00
# Visual Studio Version 16
VisualStudioVersion = 16.0.30002.166
MinimumVisualStudioVersion = 10.0.40219.1
Project("{9A19103F-16F7-4668-BE54-9A1E7A4F7556}") = "ThriftShop", "ThriftShop.csproj", "{CD2168AF-0CDD-404E-8E87-39006D62AACC}"
EndProject
Project("{9A19103F-16F7-4668-BE54-9A1E7A4F7556}") = "ThriftShop.Data", "..\ThriftShop.Models\ThriftShop.Data.csproj", "{A5091A14-28C2-4D32-BC36-424EC3FF26A9}"
EndProject
Project("{9A19103F-16F7-4668-BE54-9A1E7A4F7556}") = "ThriftShop.Services", "..\ThriftShop.Services\ThriftShop.Services.csproj", "{9F579035-1085-4302-83DB-24201265FA1C}"
EndProject
Project("{9A19103F-16F7-4668-BE54-9A1E7A4F7556}") = "ThriftShop.UseCaces", "..\ThriftShop.UseCaces\ThriftShop.UseCaces.csproj", "{D98C3342-597D-43FE-8D81-7F3AFB50824E}"
EndProject
Global
	GlobalSection(SolutionConfigurationPlatforms) = preSolution
		Debug|Any CPU = Debug|Any CPU
		Release|Any CPU = Release|Any CPU
	EndGlobalSection
	GlobalSection(ProjectConfigurationPlatforms) = postSolution
		{CD2168AF-0CDD-404E-8E87-39006D62AACC}.Debug|Any CPU.ActiveCfg = Debug|Any CPU
		{CD2168AF-0CDD-404E-8E87-39006D62AACC}.Debug|Any CPU.Build.0 = Debug|Any CPU
		{CD2168AF-0CDD-404E-8E87-39006D62AACC}.Release|Any CPU.ActiveCfg = Release|Any CPU
		{CD2168AF-0CDD-404E-8E87-39006D62AACC}.Release|Any CPU.Build.0 = Release|Any CPU
		{A5091A14-28C2-4D32-BC36-424EC3FF26A9}.Debug|Any CPU.ActiveCfg = Debug|Any CPU
		{A5091A14-28C2-4D32-BC36-424EC3FF26A9}.Debug|Any CPU.Build.0 = Debug|Any CPU
		{A5091A14-28C2-4D32-BC36-424EC3FF26A9}.Release|Any CPU.ActiveCfg = Release|Any CPU
		{A5091A14-28C2-4D32-BC36-424EC3FF26A9}.Release|Any CPU.Build.0 = Release|Any CPU
		{9F579035-1085-4302-83DB-24201265FA1C}.Debug|Any CPU.ActiveCfg = Debug|Any CPU
		{9F579035-1085-4302-83DB-24201265FA1C}.Debug|Any CPU.Build.0 = Debug|Any CPU
		{9F579035-1085-4302-83DB-24201265FA1C}.Release|Any CPU.ActiveCfg = Release|Any CPU
		{9F579035-1085-4302-83DB-24201265FA1C}.Release|Any CPU.Build.0 = Release|Any CPU
		{D98C3342-597D-43FE-8D81-7F3AFB50824E}.Debug|Any CPU.ActiveCfg = Debug|Any CPU
		{D98C3342-597D-43FE-8D81-7F3AFB50824E}.Debug|Any CPU.Build.0 = Debug|Any CPU
		{D98C3342-597D-43FE-8D81-7F3AFB50824E}.Release|Any CPU.ActiveCfg = Release|Any CPU
		{D98C3342-597D-43FE-8D81-7F3AFB50824E}.Release|Any CPU.Build.0 = Release|Any CPU
	EndGlobalSection
	GlobalSection(SolutionProperties) = preSolution
		HideSolutionNode = FALSE
	EndGlobalSection
	GlobalSection(ExtensibilityGlobals) = postSolution
		SolutionGuid = {FAE4AC2F-6EA4-4E4C-8BA0-CF6AD457D778}
	EndGlobalSection
EndGlobal
